
Microsoft Visual Studio Solution File, Format Version 12.00
# Visual Studio 15
VisualStudioVersion = 15.0.28010.2048
MinimumVisualStudioVersion = 10.0.40219.1
Project("{FAE04EC0-301F-11D3-BF4B-00C04F79EFBC}") = "Practica3", "Practica3\Practica3.csproj", "{BAB15DD5-CE48-4E11-B85A-5410DF498019}"
EndProject
Global
	GlobalSection(SolutionConfigurationPlatforms) = preSolution
		Debug|Any CPU = Debug|Any CPU
		Release|Any CPU = Release|Any CPU
	EndGlobalSection
	GlobalSection(ProjectConfigurationPlatforms) = postSolution
		{BAB15DD5-CE48-4E11-B85A-5410DF498019}.Debug|Any CPU.ActiveCfg = Debug|Any CPU
		{BAB15DD5-CE48-4E11-B85A-5410DF498019}.Debug|Any CPU.Build.0 = Debug|Any CPU
		{BAB15DD5-CE48-4E11-B85A-5410DF498019}.Release|Any CPU.ActiveCfg = Release|Any CPU
		{BAB15DD5-CE48-4E11-B85A-5410DF498019}.Release|Any CPU.Build.0 = Release|Any CPU
	EndGlobalSection
	GlobalSection(SolutionProperties) = preSolution
		HideSolutionNode = FALSE
	EndGlobalSection
	GlobalSection(ExtensibilityGlobals) = postSolution
		SolutionGuid = {F347491A-FA12-4B6B-8616-9EDB6B46BC84}
	EndGlobalSection
EndGlobal
